
Microsoft Visual Studio Solution File, Format Version 12.00
# Visual Studio Version 17
VisualStudioVersion = 17.10.35013.160
MinimumVisualStudioVersion = 10.0.40219.1
Project("{FAE04EC0-301F-11D3-BF4B-00C04F79EFBC}") = "Hotel", "Hotel.csproj", "{039936A9-0D26-47FC-9605-F9C459E8C9B9}"
EndProject
Global
	GlobalSection(SolutionConfigurationPlatforms) = preSolution
		Debug|Any CPU = Debug|Any CPU
		Release|Any CPU = Release|Any CPU
	EndGlobalSection
	GlobalSection(ProjectConfigurationPlatforms) = postSolution
		{039936A9-0D26-47FC-9605-F9C459E8C9B9}.Debug|Any CPU.ActiveCfg = Debug|Any CPU
		{039936A9-0D26-47FC-9605-F9C459E8C9B9}.Debug|Any CPU.Build.0 = Debug|Any CPU
		{039936A9-0D26-47FC-9605-F9C459E8C9B9}.Release|Any CPU.ActiveCfg = Release|Any CPU
		{039936A9-0D26-47FC-9605-F9C459E8C9B9}.Release|Any CPU.Build.0 = Release|Any CPU
	EndGlobalSection
	GlobalSection(SolutionProperties) = preSolution
		HideSolutionNode = FALSE
	EndGlobalSection
	GlobalSection(ExtensibilityGlobals) = postSolution
		SolutionGuid = {C94AE790-97B8-4761-9E1A-201914665C77}
	EndGlobalSection
EndGlobal
