
Microsoft Visual Studio Solution File, Format Version 12.00
# Visual Studio Version 17
VisualStudioVersion = 17.10.35004.147
MinimumVisualStudioVersion = 10.0.40219.1
Project("{9A19103F-16F7-4668-BE54-9A1E7A4F7556}") = "compitoS1L1BE", "compitoS1L1BE\compitoS1L1BE.csproj", "{DCF38171-8F80-48EE-BEDE-4BD2D1899091}"
EndProject
Project("{9A19103F-16F7-4668-BE54-9A1E7A4F7556}") = "compitoS1L2BE", "compitoS1L2BE\compitoS1L2BE.csproj", "{09F9B1F8-BE7B-4CA9-B29D-4B6FAD2189B4}"
EndProject
Project("{9A19103F-16F7-4668-BE54-9A1E7A4F7556}") = "TestS1L5BE", "CompitoS1L5BE\TestS1L5BE.csproj", "{38242D01-25D7-4D12-95DE-309186F745BD}"
EndProject
Project("{9A19103F-16F7-4668-BE54-9A1E7A4F7556}") = "ContestS1L5BE", "ContestS1L5BE\ContestS1L5BE.csproj", "{88DFF5D4-558A-42B1-A89E-28D68C4B5E8B}"
EndProject
Project("{9A19103F-16F7-4668-BE54-9A1E7A4F7556}") = "compitoS2L1BE", "compitoS2L1BE\compitoS2L1BE.csproj", "{09364B78-AD2A-4ED2-811E-693E7BF2CBF4}"
EndProject
Project("{9A19103F-16F7-4668-BE54-9A1E7A4F7556}") = "esercizioS2L1BEconsole", "esercizioS2L1BEconsole\esercizioS2L1BEconsole.csproj", "{5A56B8C6-CAA1-4C99-8A42-9321D3637B8E}"
EndProject
Project("{FAE04EC0-301F-11D3-BF4B-00C04F79EFBC}") = "TestS2L5BEScarpeCo", "TestS2L5BEScarpeCo\TestS2L5BEScarpeCo.csproj", "{9A60E56C-AEE7-4C47-AD59-E9D76C592085}"
EndProject
Global
	GlobalSection(SolutionConfigurationPlatforms) = preSolution
		Debug|Any CPU = Debug|Any CPU
		Release|Any CPU = Release|Any CPU
	EndGlobalSection
	GlobalSection(ProjectConfigurationPlatforms) = postSolution
		{DCF38171-8F80-48EE-BEDE-4BD2D1899091}.Debug|Any CPU.ActiveCfg = Debug|Any CPU
		{DCF38171-8F80-48EE-BEDE-4BD2D1899091}.Debug|Any CPU.Build.0 = Debug|Any CPU
		{DCF38171-8F80-48EE-BEDE-4BD2D1899091}.Release|Any CPU.ActiveCfg = Release|Any CPU
		{DCF38171-8F80-48EE-BEDE-4BD2D1899091}.Release|Any CPU.Build.0 = Release|Any CPU
		{09F9B1F8-BE7B-4CA9-B29D-4B6FAD2189B4}.Debug|Any CPU.ActiveCfg = Debug|Any CPU
		{09F9B1F8-BE7B-4CA9-B29D-4B6FAD2189B4}.Debug|Any CPU.Build.0 = Debug|Any CPU
		{09F9B1F8-BE7B-4CA9-B29D-4B6FAD2189B4}.Release|Any CPU.ActiveCfg = Release|Any CPU
		{09F9B1F8-BE7B-4CA9-B29D-4B6FAD2189B4}.Release|Any CPU.Build.0 = Release|Any CPU
		{38242D01-25D7-4D12-95DE-309186F745BD}.Debug|Any CPU.ActiveCfg = Debug|Any CPU
		{38242D01-25D7-4D12-95DE-309186F745BD}.Debug|Any CPU.Build.0 = Debug|Any CPU
		{38242D01-25D7-4D12-95DE-309186F745BD}.Release|Any CPU.ActiveCfg = Release|Any CPU
		{38242D01-25D7-4D12-95DE-309186F745BD}.Release|Any CPU.Build.0 = Release|Any CPU
		{88DFF5D4-558A-42B1-A89E-28D68C4B5E8B}.Debug|Any CPU.ActiveCfg = Debug|Any CPU
		{88DFF5D4-558A-42B1-A89E-28D68C4B5E8B}.Debug|Any CPU.Build.0 = Debug|Any CPU
		{88DFF5D4-558A-42B1-A89E-28D68C4B5E8B}.Release|Any CPU.ActiveCfg = Release|Any CPU
		{88DFF5D4-558A-42B1-A89E-28D68C4B5E8B}.Release|Any CPU.Build.0 = Release|Any CPU
		{09364B78-AD2A-4ED2-811E-693E7BF2CBF4}.Debug|Any CPU.ActiveCfg = Debug|Any CPU
		{09364B78-AD2A-4ED2-811E-693E7BF2CBF4}.Debug|Any CPU.Build.0 = Debug|Any CPU
		{09364B78-AD2A-4ED2-811E-693E7BF2CBF4}.Release|Any CPU.ActiveCfg = Release|Any CPU
		{09364B78-AD2A-4ED2-811E-693E7BF2CBF4}.Release|Any CPU.Build.0 = Release|Any CPU
		{5A56B8C6-CAA1-4C99-8A42-9321D3637B8E}.Debug|Any CPU.ActiveCfg = Debug|Any CPU
		{5A56B8C6-CAA1-4C99-8A42-9321D3637B8E}.Debug|Any CPU.Build.0 = Debug|Any CPU
		{5A56B8C6-CAA1-4C99-8A42-9321D3637B8E}.Release|Any CPU.ActiveCfg = Release|Any CPU
		{5A56B8C6-CAA1-4C99-8A42-9321D3637B8E}.Release|Any CPU.Build.0 = Release|Any CPU
		{9A60E56C-AEE7-4C47-AD59-E9D76C592085}.Debug|Any CPU.ActiveCfg = Debug|Any CPU
		{9A60E56C-AEE7-4C47-AD59-E9D76C592085}.Debug|Any CPU.Build.0 = Debug|Any CPU
		{9A60E56C-AEE7-4C47-AD59-E9D76C592085}.Release|Any CPU.ActiveCfg = Release|Any CPU
		{9A60E56C-AEE7-4C47-AD59-E9D76C592085}.Release|Any CPU.Build.0 = Release|Any CPU
	EndGlobalSection
	GlobalSection(SolutionProperties) = preSolution
		HideSolutionNode = FALSE
	EndGlobalSection
	GlobalSection(ExtensibilityGlobals) = postSolution
		SolutionGuid = {928BA35C-F497-4466-BE74-6B2C635D08AE}
	EndGlobalSection
EndGlobal
